
Microsoft Visual Studio Solution File, Format Version 12.00
# Visual Studio Version 17
VisualStudioVersion = 17.14.36518.9 d17.14
MinimumVisualStudioVersion = 10.0.40219.1
Project("{FAE04EC0-301F-11D3-BF4B-00C04F79EFBC}") = "WalkOfProductLibrary", "WalkOfProductLibrary\WalkOfProductLibrary.csproj", "{4257C9D2-FCAE-478B-8083-0DC54C42AF72}"
EndProject
Global
	GlobalSection(SolutionConfigurationPlatforms) = preSolution
		Debug|Any CPU = Debug|Any CPU
		Release|Any CPU = Release|Any CPU
	EndGlobalSection
	GlobalSection(ProjectConfigurationPlatforms) = postSolution
		{4257C9D2-FCAE-478B-8083-0DC54C42AF72}.Debug|Any CPU.ActiveCfg = Debug|Any CPU
		{4257C9D2-FCAE-478B-8083-0DC54C42AF72}.Debug|Any CPU.Build.0 = Debug|Any CPU
		{4257C9D2-FCAE-478B-8083-0DC54C42AF72}.Release|Any CPU.ActiveCfg = Release|Any CPU
		{4257C9D2-FCAE-478B-8083-0DC54C42AF72}.Release|Any CPU.Build.0 = Release|Any CPU
	EndGlobalSection
	GlobalSection(SolutionProperties) = preSolution
		HideSolutionNode = FALSE
	EndGlobalSection
	GlobalSection(ExtensibilityGlobals) = postSolution
		SolutionGuid = {6A9D9B12-37F5-44B2-85FD-796BF9C937D8}
	EndGlobalSection
EndGlobal
